
Microsoft Visual Studio Solution File, Format Version 12.00
# Visual Studio Version 16
VisualStudioVersion = 16.0.31019.35
MinimumVisualStudioVersion = 10.0.40219.1
Project("{FAE04EC0-301F-11D3-BF4B-00C04F79EFBC}") = "BMI.UWP", "BMI\BMI.UWP\BMI.UWP.csproj", "{6E83C632-64E8-42E6-B098-44C0C78CB2C5}"
EndProject
Project("{FAE04EC0-301F-11D3-BF4B-00C04F79EFBC}") = "BMI.Android", "BMI\BMI.Android\BMI.Android.csproj", "{034851DC-C524-4101-9751-EFA130C528B0}"
EndProject
Project("{FAE04EC0-301F-11D3-BF4B-00C04F79EFBC}") = "BMI.iOS", "BMI\BMI.iOS\BMI.iOS.csproj", "{42B91C55-E8FC-4D99-9300-4C1B0A527A3B}"
EndProject
Project("{9A19103F-16F7-4668-BE54-9A1E7A4F7556}") = "BMI", "BMI\BMI\BMI.csproj", "{E742B040-34B8-445C-A9B4-50B124932DEF}"
EndProject
Project("{2150E333-8FDC-42A3-9474-1A3956D46DE8}") = "Solution Items", "Solution Items", "{79625B56-AD6A-4AA1-B8D0-D2ABCB2989BB}"
	ProjectSection(SolutionItems) = preProject
		.editorconfig = .editorconfig
	EndProjectSection
EndProject
Global
	GlobalSection(SolutionConfigurationPlatforms) = preSolution
		Debug|Any CPU = Debug|Any CPU
		Debug|ARM = Debug|ARM
		Debug|iPhone = Debug|iPhone
		Debug|iPhoneSimulator = Debug|iPhoneSimulator
		Debug|x64 = Debug|x64
		Debug|x86 = Debug|x86
		Release|Any CPU = Release|Any CPU
		Release|ARM = Release|ARM
		Release|iPhone = Release|iPhone
		Release|iPhoneSimulator = Release|iPhoneSimulator
		Release|x64 = Release|x64
		Release|x86 = Release|x86
	EndGlobalSection
	GlobalSection(ProjectConfigurationPlatforms) = postSolution
		{6E83C632-64E8-42E6-B098-44C0C78CB2C5}.Debug|Any CPU.ActiveCfg = Debug|x86
		{6E83C632-64E8-42E6-B098-44C0C78CB2C5}.Debug|Any CPU.Build.0 = Debug|x86
		{6E83C632-64E8-42E6-B098-44C0C78CB2C5}.Debug|Any CPU.Deploy.0 = Debug|x86
		{6E83C632-64E8-42E6-B098-44C0C78CB2C5}.Debug|ARM.ActiveCfg = Debug|ARM
		{6E83C632-64E8-42E6-B098-44C0C78CB2C5}.Debug|ARM.Build.0 = Debug|ARM
		{6E83C632-64E8-42E6-B098-44C0C78CB2C5}.Debug|ARM.Deploy.0 = Debug|ARM
		{6E83C632-64E8-42E6-B098-44C0C78CB2C5}.Debug|iPhone.ActiveCfg = Debug|x86
		{6E83C632-64E8-42E6-B098-44C0C78CB2C5}.Debug|iPhone.Build.0 = Debug|x86
		{6E83C632-64E8-42E6-B098-44C0C78CB2C5}.Debug|iPhone.Deploy.0 = Debug|x86
		{6E83C632-64E8-42E6-B098-44C0C78CB2C5}.Debug|iPhoneSimulator.ActiveCfg = Debug|x86
		{6E83C632-64E8-42E6-B098-44C0C78CB2C5}.Debug|iPhoneSimulator.Build.0 = Debug|x86
		{6E83C632-64E8-42E6-B098-44C0C78CB2C5}.Debug|iPhoneSimulator.Deploy.0 = Debug|x86
		{6E83C632-64E8-42E6-B098-44C0C78CB2C5}.Debug|x64.ActiveCfg = Debug|x64
		{6E83C632-64E8-42E6-B098-44C0C78CB2C5}.Debug|x64.Build.0 = Debug|x64
		{6E83C632-64E8-42E6-B098-44C0C78CB2C5}.Debug|x64.Deploy.0 = Debug|x64
		{6E83C632-64E8-42E6-B098-44C0C78CB2C5}.Debug|x86.ActiveCfg = Debug|x86
		{6E83C632-64E8-42E6-B098-44C0C78CB2C5}.Debug|x86.Build.0 = Debug|x86
		{6E83C632-64E8-42E6-B098-44C0C78CB2C5}.Debug|x86.Deploy.0 = Debug|x86
		{6E83C632-64E8-42E6-B098-44C0C78CB2C5}.Release|Any CPU.ActiveCfg = Release|x86
		{6E83C632-64E8-42E6-B098-44C0C78CB2C5}.Release|Any CPU.Build.0 = Release|x86
		{6E83C632-64E8-42E6-B098-44C0C78CB2C5}.Release|Any CPU.Deploy.0 = Release|x86
		{6E83C632-64E8-42E6-B098-44C0C78CB2C5}.Release|ARM.ActiveCfg = Release|ARM
		{6E83C632-64E8-42E6-B098-44C0C78CB2C5}.Release|ARM.Build.0 = Release|ARM
		{6E83C632-64E8-42E6-B098-44C0C78CB2C5}.Release|ARM.Deploy.0 = Release|ARM
		{6E83C632-64E8-42E6-B098-44C0C78CB2C5}.Release|iPhone.ActiveCfg = Release|x86
		{6E83C632-64E8-42E6-B098-44C0C78CB2C5}.Release|iPhone.Build.0 = Release|x86
		{6E83C632-64E8-42E6-B098-44C0C78CB2C5}.Release|iPhone.Deploy.0 = Release|x86
		{6E83C632-64E8-42E6-B098-44C0C78CB2C5}.Release|iPhoneSimulator.ActiveCfg = Release|x86
		{6E83C632-64E8-42E6-B098-44C0C78CB2C5}.Release|iPhoneSimulator.Build.0 = Release|x86
		{6E83C632-64E8-42E6-B098-44C0C78CB2C5}.Release|iPhoneSimulator.Deploy.0 = Release|x86
		{6E83C632-64E8-42E6-B098-44C0C78CB2C5}.Release|x64.ActiveCfg = Release|x64
		{6E83C632-64E8-42E6-B098-44C0C78CB2C5}.Release|x64.Build.0 = Release|x64
		{6E83C632-64E8-42E6-B098-44C0C78CB2C5}.Release|x64.Deploy.0 = Release|x64
		{6E83C632-64E8-42E6-B098-44C0C78CB2C5}.Release|x86.ActiveCfg = Release|x86
		{6E83C632-64E8-42E6-B098-44C0C78CB2C5}.Release|x86.Build.0 = Release|x86
		{6E83C632-64E8-42E6-B098-44C0C78CB2C5}.Release|x86.Deploy.0 = Release|x86
		{034851DC-C524-4101-9751-EFA130C528B0}.Debug|Any CPU.ActiveCfg = Debug|Any CPU
		{034851DC-C524-4101-9751-EFA130C528B0}.Debug|Any CPU.Build.0 = Debug|Any CPU
		{034851DC-C524-4101-9751-EFA130C528B0}.Debug|Any CPU.Deploy.0 = Debug|Any CPU
		{034851DC-C524-4101-9751-EFA130C528B0}.Debug|ARM.ActiveCfg = Debug|Any CPU
		{034851DC-C524-4101-9751-EFA130C528B0}.Debug|ARM.Build.0 = Debug|Any CPU
		{034851DC-C524-4101-9751-EFA130C528B0}.Debug|ARM.Deploy.0 = Debug|Any CPU
		{034851DC-C524-4101-9751-EFA130C528B0}.Debug|iPhone.ActiveCfg = Debug|Any CPU
		{034851DC-C524-4101-9751-EFA130C528B0}.Debug|iPhone.Build.0 = Debug|Any CPU
		{034851DC-C524-4101-9751-EFA130C528B0}.Debug|iPhone.Deploy.0 = Debug|Any CPU
		{034851DC-C524-4101-9751-EFA130C528B0}.Debug|iPhoneSimulator.ActiveCfg = Debug|Any CPU
		{034851DC-C524-4101-9751-EFA130C528B0}.Debug|iPhoneSimulator.Build.0 = Debug|Any CPU
		{034851DC-C524-4101-9751-EFA130C528B0}.Debug|iPhoneSimulator.Deploy.0 = Debug|Any CPU
		{034851DC-C524-4101-9751-EFA130C528B0}.Debug|x64.ActiveCfg = Debug|Any CPU
		{034851DC-C524-4101-9751-EFA130C528B0}.Debug|x64.Build.0 = Debug|Any CPU
		{034851DC-C524-4101-9751-EFA130C528B0}.Debug|x64.Deploy.0 = Debug|Any CPU
		{034851DC-C524-4101-9751-EFA130C528B0}.Debug|x86.ActiveCfg = Debug|Any CPU
		{034851DC-C524-4101-9751-EFA130C528B0}.Debug|x86.Build.0 = Debug|Any CPU
		{034851DC-C524-4101-9751-EFA130C528B0}.Debug|x86.Deploy.0 = Debug|Any CPU
		{034851DC-C524-4101-9751-EFA130C528B0}.Release|Any CPU.ActiveCfg = Release|Any CPU
		{034851DC-C524-4101-9751-EFA130C528B0}.Release|Any CPU.Build.0 = Release|Any CPU
		{034851DC-C524-4101-9751-EFA130C528B0}.Release|Any CPU.Deploy.0 = Release|Any CPU
		{034851DC-C524-4101-9751-EFA130C528B0}.Release|ARM.ActiveCfg = Release|Any CPU
		{034851DC-C524-4101-9751-EFA130C528B0}.Release|ARM.Build.0 = Release|Any CPU
		{034851DC-C524-4101-9751-EFA130C528B0}.Release|ARM.Deploy.0 = Release|Any CPU
		{034851DC-C524-4101-9751-EFA130C528B0}.Release|iPhone.ActiveCfg = Release|Any CPU
		{034851DC-C524-4101-9751-EFA130C528B0}.Release|iPhone.Build.0 = Release|Any CPU
		{034851DC-C524-4101-9751-EFA130C528B0}.Release|iPhone.Deploy.0 = Release|Any CPU
		{034851DC-C524-4101-9751-EFA130C528B0}.Release|iPhoneSimulator.ActiveCfg = Release|Any CPU
		{034851DC-C524-4101-9751-EFA130C528B0}.Release|iPhoneSimulator.Build.0 = Release|Any CPU
		{034851DC-C524-4101-9751-EFA130C528B0}.Release|iPhoneSimulator.Deploy.0 = Release|Any CPU
		{034851DC-C524-4101-9751-EFA130C528B0}.Release|x64.ActiveCfg = Release|Any CPU
		{034851DC-C524-4101-9751-EFA130C528B0}.Release|x64.Build.0 = Release|Any CPU
		{034851DC-C524-4101-9751-EFA130C528B0}.Release|x64.Deploy.0 = Release|Any CPU
		{034851DC-C524-4101-9751-EFA130C528B0}.Release|x86.ActiveCfg = Release|Any CPU
		{034851DC-C524-4101-9751-EFA130C528B0}.Release|x86.Build.0 = Release|Any CPU
		{034851DC-C524-4101-9751-EFA130C528B0}.Release|x86.Deploy.0 = Release|Any CPU
		{42B91C55-E8FC-4D99-9300-4C1B0A527A3B}.Debug|Any CPU.ActiveCfg = Debug|iPhoneSimulator
		{42B91C55-E8FC-4D99-9300-4C1B0A527A3B}.Debug|Any CPU.Build.0 = Debug|iPhoneSimulator
		{42B91C55-E8FC-4D99-9300-4C1B0A527A3B}.Debug|Any CPU.Deploy.0 = Debug|iPhoneSimulator
		{42B91C55-E8FC-4D99-9300-4C1B0A527A3B}.Debug|ARM.ActiveCfg = Debug|iPhone
		{42B91C55-E8FC-4D99-9300-4C1B0A527A3B}.Debug|ARM.Build.0 = Debug|iPhone
		{42B91C55-E8FC-4D99-9300-4C1B0A527A3B}.Debug|ARM.Deploy.0 = Debug|iPhone
		{42B91C55-E8FC-4D99-9300-4C1B0A527A3B}.Debug|iPhone.ActiveCfg = Debug|iPhone
		{42B91C55-E8FC-4D99-9300-4C1B0A527A3B}.Debug|iPhone.Build.0 = Debug|iPhone
		{42B91C55-E8FC-4D99-9300-4C1B0A527A3B}.Debug|iPhone.Deploy.0 = Debug|iPhone
		{42B91C55-E8FC-4D99-9300-4C1B0A527A3B}.Debug|iPhoneSimulator.ActiveCfg = Debug|iPhoneSimulator
		{42B91C55-E8FC-4D99-9300-4C1B0A527A3B}.Debug|iPhoneSimulator.Build.0 = Debug|iPhoneSimulator
		{42B91C55-E8FC-4D99-9300-4C1B0A527A3B}.Debug|iPhoneSimulator.Deploy.0 = Debug|iPhoneSimulator
		{42B91C55-E8FC-4D99-9300-4C1B0A527A3B}.Debug|x64.ActiveCfg = Debug|iPhoneSimulator
		{42B91C55-E8FC-4D99-9300-4C1B0A527A3B}.Debug|x64.Build.0 = Debug|iPhoneSimulator
		{42B91C55-E8FC-4D99-9300-4C1B0A527A3B}.Debug|x64.Deploy.0 = Debug|iPhoneSimulator
		{42B91C55-E8FC-4D99-9300-4C1B0A527A3B}.Debug|x86.ActiveCfg = Debug|iPhoneSimulator
		{42B91C55-E8FC-4D99-9300-4C1B0A527A3B}.Debug|x86.Build.0 = Debug|iPhoneSimulator
		{42B91C55-E8FC-4D99-9300-4C1B0A527A3B}.Debug|x86.Deploy.0 = Debug|iPhoneSimulator
		{42B91C55-E8FC-4D99-9300-4C1B0A527A3B}.Release|Any CPU.ActiveCfg = Release|iPhoneSimulator
		{42B91C55-E8FC-4D99-9300-4C1B0A527A3B}.Release|Any CPU.Build.0 = Release|iPhoneSimulator
		{42B91C55-E8FC-4D99-9300-4C1B0A527A3B}.Release|Any CPU.Deploy.0 = Release|iPhoneSimulator
		{42B91C55-E8FC-4D99-9300-4C1B0A527A3B}.Release|ARM.ActiveCfg = Release|iPhoneSimulator
		{42B91C55-E8FC-4D99-9300-4C1B0A527A3B}.Release|ARM.Build.0 = Release|iPhoneSimulator
		{42B91C55-E8FC-4D99-9300-4C1B0A527A3B}.Release|ARM.Deploy.0 = Release|iPhoneSimulator
		{42B91C55-E8FC-4D99-9300-4C1B0A527A3B}.Release|iPhone.ActiveCfg = Release|iPhone
		{42B91C55-E8FC-4D99-9300-4C1B0A527A3B}.Release|iPhone.Build.0 = Release|iPhone
		{42B91C55-E8FC-4D99-9300-4C1B0A527A3B}.Release|iPhone.Deploy.0 = Release|iPhone
		{42B91C55-E8FC-4D99-9300-4C1B0A527A3B}.Release|iPhoneSimulator.ActiveCfg = Release|iPhoneSimulator
		{42B91C55-E8FC-4D99-9300-4C1B0A527A3B}.Release|iPhoneSimulator.Build.0 = Release|iPhoneSimulator
		{42B91C55-E8FC-4D99-9300-4C1B0A527A3B}.Release|iPhoneSimulator.Deploy.0 = Release|iPhoneSimulator
		{42B91C55-E8FC-4D99-9300-4C1B0A527A3B}.Release|x64.ActiveCfg = Release|iPhoneSimulator
		{42B91C55-E8FC-4D99-9300-4C1B0A527A3B}.Release|x64.Build.0 = Release|iPhoneSimulator
		{42B91C55-E8FC-4D99-9300-4C1B0A527A3B}.Release|x64.Deploy.0 = Release|iPhoneSimulator
		{42B91C55-E8FC-4D99-9300-4C1B0A527A3B}.Release|x86.ActiveCfg = Release|iPhoneSimulator
		{42B91C55-E8FC-4D99-9300-4C1B0A527A3B}.Release|x86.Build.0 = Release|iPhoneSimulator
		{42B91C55-E8FC-4D99-9300-4C1B0A527A3B}.Release|x86.Deploy.0 = Release|iPhoneSimulator
		{E742B040-34B8-445C-A9B4-50B124932DEF}.Debug|Any CPU.ActiveCfg = Debug|Any CPU
		{E742B040-34B8-445C-A9B4-50B124932DEF}.Debug|Any CPU.Build.0 = Debug|Any CPU
		{E742B040-34B8-445C-A9B4-50B124932DEF}.Debug|Any CPU.Deploy.0 = Debug|Any CPU
		{E742B040-34B8-445C-A9B4-50B124932DEF}.Debug|ARM.ActiveCfg = Debug|Any CPU
		{E742B040-34B8-445C-A9B4-50B124932DEF}.Debug|ARM.Build.0 = Debug|Any CPU
		{E742B040-34B8-445C-A9B4-50B124932DEF}.Debug|ARM.Deploy.0 = Debug|Any CPU
		{E742B040-34B8-445C-A9B4-50B124932DEF}.Debug|iPhone.ActiveCfg = Debug|Any CPU
		{E742B040-34B8-445C-A9B4-50B124932DEF}.Debug|iPhone.Build.0 = Debug|Any CPU
		{E742B040-34B8-445C-A9B4-50B124932DEF}.Debug|iPhone.Deploy.0 = Debug|Any CPU
		{E742B040-34B8-445C-A9B4-50B124932DEF}.Debug|iPhoneSimulator.ActiveCfg = Debug|Any CPU
		{E742B040-34B8-445C-A9B4-50B124932DEF}.Debug|iPhoneSimulator.Build.0 = Debug|Any CPU
		{E742B040-34B8-445C-A9B4-50B124932DEF}.Debug|iPhoneSimulator.Deploy.0 = Debug|Any CPU
		{E742B040-34B8-445C-A9B4-50B124932DEF}.Debug|x64.ActiveCfg = Debug|Any CPU
		{E742B040-34B8-445C-A9B4-50B124932DEF}.Debug|x64.Build.0 = Debug|Any CPU
		{E742B040-34B8-445C-A9B4-50B124932DEF}.Debug|x64.Deploy.0 = Debug|Any CPU
		{E742B040-34B8-445C-A9B4-50B124932DEF}.Debug|x86.ActiveCfg = Debug|Any CPU
		{E742B040-34B8-445C-A9B4-50B124932DEF}.Debug|x86.Build.0 = Debug|Any CPU
		{E742B040-34B8-445C-A9B4-50B124932DEF}.Debug|x86.Deploy.0 = Debug|Any CPU
		{E742B040-34B8-445C-A9B4-50B124932DEF}.Release|Any CPU.ActiveCfg = Release|Any CPU
		{E742B040-34B8-445C-A9B4-50B124932DEF}.Release|Any CPU.Build.0 = Release|Any CPU
		{E742B040-34B8-445C-A9B4-50B124932DEF}.Release|Any CPU.Deploy.0 = Release|Any CPU
		{E742B040-34B8-445C-A9B4-50B124932DEF}.Release|ARM.ActiveCfg = Release|Any CPU
		{E742B040-34B8-445C-A9B4-50B124932DEF}.Release|ARM.Build.0 = Release|Any CPU
		{E742B040-34B8-445C-A9B4-50B124932DEF}.Release|ARM.Deploy.0 = Release|Any CPU
		{E742B040-34B8-445C-A9B4-50B124932DEF}.Release|iPhone.ActiveCfg = Release|Any CPU
		{E742B040-34B8-445C-A9B4-50B124932DEF}.Release|iPhone.Build.0 = Release|Any CPU
		{E742B040-34B8-445C-A9B4-50B124932DEF}.Release|iPhone.Deploy.0 = Release|Any CPU
		{E742B040-34B8-445C-A9B4-50B124932DEF}.Release|iPhoneSimulator.ActiveCfg = Release|Any CPU
		{E742B040-34B8-445C-A9B4-50B124932DEF}.Release|iPhoneSimulator.Build.0 = Release|Any CPU
		{E742B040-34B8-445C-A9B4-50B124932DEF}.Release|iPhoneSimulator.Deploy.0 = Release|Any CPU
		{E742B040-34B8-445C-A9B4-50B124932DEF}.Release|x64.ActiveCfg = Release|Any CPU
		{E742B040-34B8-445C-A9B4-50B124932DEF}.Release|x64.Build.0 = Release|Any CPU
		{E742B040-34B8-445C-A9B4-50B124932DEF}.Release|x64.Deploy.0 = Release|Any CPU
		{E742B040-34B8-445C-A9B4-50B124932DEF}.Release|x86.ActiveCfg = Release|Any CPU
		{E742B040-34B8-445C-A9B4-50B124932DEF}.Release|x86.Build.0 = Release|Any CPU
		{E742B040-34B8-445C-A9B4-50B124932DEF}.Release|x86.Deploy.0 = Release|Any CPU
	EndGlobalSection
	GlobalSection(SolutionProperties) = preSolution
		HideSolutionNode = FALSE
	EndGlobalSection
	GlobalSection(ExtensibilityGlobals) = postSolution
		SolutionGuid = {359E8D4B-2F67-4F3F-BA1F-37B7106CB31D}
	EndGlobalSection
EndGlobal
